{
    "version": 3,
    "terraform_version": "0.9.6",
    "serial": 11,
    "lineage": "1f386c11-4094-4d4d-92cb-01238f0e2169",
    "modules": [
        {
            "path": [
                "root"
            ],
            "outputs": {},
            "resources": {
                "digitalocean_domain.byp": {
                    "type": "digitalocean_domain",
                    "depends_on": [
                        "digitalocean_floating_ip.ip-tfo-01"
                    ],
                    "primary": {
                        "id": "baiyingpai.com",
                        "attributes": {
                            "id": "baiyingpai.com",
                            "ip_address": "159.203.156.150",
                            "name": "baiyingpai.com"
                        },
                        "meta": {},
                        "tainted": false
                    },
                    "deposed": [],
                    "provider": ""
                },
                "digitalocean_domain.ff-com": {
                    "type": "digitalocean_domain",
                    "depends_on": [
                        "digitalocean_floating_ip.ip-tfo-01"
                    ],
                    "primary": {
                        "id": "fairmontflyers.com",
                        "attributes": {
                            "id": "fairmontflyers.com",
                            "ip_address": "159.203.156.150",
                            "name": "fairmontflyers.com"
                        },
                        "meta": {},
                        "tainted": false
                    },
                    "deposed": [],
                    "provider": ""
                },
                "digitalocean_domain.ff-org": {
                    "type": "digitalocean_domain",
                    "depends_on": [
                        "digitalocean_floating_ip.ip-tfo-01"
                    ],
                    "primary": {
                        "id": "fairmontflyers.org",
                        "attributes": {
                            "id": "fairmontflyers.org",
                            "ip_address": "159.203.156.150",
                            "name": "fairmontflyers.org"
                        },
                        "meta": {},
                        "tainted": false
                    },
                    "deposed": [],
                    "provider": ""
                },
                "digitalocean_domain.knm-us": {
                    "type": "digitalocean_domain",
                    "depends_on": [
                        "digitalocean_floating_ip.ip-tfo-01"
                    ],
                    "primary": {
                        "id": "kathnmike.us",
                        "attributes": {
                            "id": "kathnmike.us",
                            "ip_address": "159.203.156.150",
                            "name": "kathnmike.us"
                        },
                        "meta": {},
                        "tainted": false
                    },
                    "deposed": [],
                    "provider": ""
                },
                "digitalocean_domain.morgantown-ninja": {
                    "type": "digitalocean_domain",
                    "depends_on": [
                        "digitalocean_floating_ip.ip-tfo-01"
                    ],
                    "primary": {
                        "id": "morgantown.ninja",
                        "attributes": {
                            "id": "morgantown.ninja",
                            "ip_address": "159.203.156.150",
                            "name": "morgantown.ninja"
                        },
                        "meta": {},
                        "tainted": false
                    },
                    "deposed": [],
                    "provider": ""
                },
                "digitalocean_domain.the-forgotten-org": {
                    "type": "digitalocean_domain",
                    "depends_on": [
                        "digitalocean_floating_ip.ip-tfo-01"
                    ],
                    "primary": {
                        "id": "the-forgotten.org",
                        "attributes": {
                            "id": "the-forgotten.org",
                            "ip_address": "159.203.156.150",
                            "name": "the-forgotten.org"
                        },
                        "meta": {},
                        "tainted": false
                    },
                    "deposed": [],
                    "provider": ""
                },
                "digitalocean_domain.trumpocalyp-se": {
                    "type": "digitalocean_domain",
                    "depends_on": [
                        "digitalocean_floating_ip.ip-tfo-01"
                    ],
                    "primary": {
                        "id": "trumpocalyp.se",
                        "attributes": {
                            "id": "trumpocalyp.se",
                            "ip_address": "159.203.156.150",
                            "name": "trumpocalyp.se"
                        },
                        "meta": {},
                        "tainted": false
                    },
                    "deposed": [],
                    "provider": ""
                },
                "digitalocean_domain.wema": {
                    "type": "digitalocean_domain",
                    "depends_on": [
                        "digitalocean_floating_ip.ip-tfo-01"
                    ],
                    "primary": {
                        "id": "whiteeaglemartialarts.com",
                        "attributes": {
                            "id": "whiteeaglemartialarts.com",
                            "ip_address": "159.203.156.150",
                            "name": "whiteeaglemartialarts.com"
                        },
                        "meta": {},
                        "tainted": false
                    },
                    "deposed": [],
                    "provider": ""
                },
                "digitalocean_droplet.server-tfo-01": {
                    "type": "digitalocean_droplet",
                    "depends_on": [
                        "digitalocean_ssh_key.default",
                        "digitalocean_volume.volume-tfo-01"
                    ],
                    "primary": {
                        "id": "51049926",
                        "attributes": {
                            "disk": "30",
                            "id": "51049926",
                            "image": "centos-7-x64",
                            "ipv4_address": "198.199.66.121",
                            "ipv6": "false",
                            "locked": "false",
                            "name": "the-forgotten-01",
                            "price_hourly": "0.01488",
                            "price_monthly": "10",
                            "private_networking": "false",
                            "region": "nyc1",
                            "resize_disk": "false",
                            "size": "1gb",
                            "ssh_keys.#": "1",
                            "ssh_keys.0": "9734623",
                            "status": "active",
                            "tags.#": "0",
                            "vcpus": "1",
                            "volume_ids.#": "1",
                            "volume_ids.0": "5170d076-4b7d-11e7-a457-0242ac110305"
                        },
                        "meta": {},
                        "tainted": false
                    },
                    "deposed": [],
                    "provider": ""
                },
                "digitalocean_floating_ip.ip-tfo-01": {
                    "type": "digitalocean_floating_ip",
                    "depends_on": [
                        "digitalocean_droplet.server-tfo-01"
                    ],
                    "primary": {
                        "id": "159.203.156.150",
                        "attributes": {
                            "droplet_id": "51049926",
                            "id": "159.203.156.150",
                            "ip_address": "159.203.156.150",
                            "region": "nyc1"
                        },
                        "meta": {},
                        "tainted": false
                    },
                    "deposed": [],
                    "provider": ""
                },
                "digitalocean_record.byp-www": {
                    "type": "digitalocean_record",
                    "depends_on": [
                        "digitalocean_domain.byp"
                    ],
                    "primary": {
                        "id": "31108100",
                        "attributes": {
                            "domain": "baiyingpai.com",
                            "fqdn": "www.baiyingpai.com",
                            "id": "31108100",
                            "name": "www",
                            "port": "0",
                            "priority": "0",
                            "type": "CNAME",
                            "value": "baiyingpai.com.",
                            "weight": "0"
                        },
                        "meta": {},
                        "tainted": false
                    },
                    "deposed": [],
                    "provider": ""
                },
                "digitalocean_record.ff-www": {
                    "type": "digitalocean_record",
                    "depends_on": [
                        "digitalocean_domain.ff-org"
                    ],
                    "primary": {
                        "id": "31108101",
                        "attributes": {
                            "domain": "fairmontflyers.org",
                            "fqdn": "www.fairmontflyers.org",
                            "id": "31108101",
                            "name": "www",
                            "port": "0",
                            "priority": "0",
                            "type": "CNAME",
                            "value": "fairmontflyers.org.",
                            "weight": "0"
                        },
                        "meta": {},
                        "tainted": false
                    },
                    "deposed": [],
                    "provider": ""
                },
                "digitalocean_record.knm-cloud": {
                    "type": "digitalocean_record",
                    "depends_on": [
                        "digitalocean_domain.knm-us",
                        "digitalocean_floating_ip.ip-tfo-01"
                    ],
                    "primary": {
                        "id": "25144590",
                        "attributes": {
                            "domain": "kathnmike.us",
                            "fqdn": "cloud.kathnmike.us",
                            "id": "25144590",
                            "name": "cloud",
                            "port": "0",
                            "priority": "0",
                            "type": "A",
                            "value": "159.203.156.150",
                            "weight": "0"
                        },
                        "meta": {},
                        "tainted": false
                    },
                    "deposed": [],
                    "provider": ""
                },
                "digitalocean_record.knm-www": {
                    "type": "digitalocean_record",
                    "depends_on": [
                        "digitalocean_domain.knm-us"
                    ],
                    "primary": {
                        "id": "31108103",
                        "attributes": {
                            "domain": "kathnmike.us",
                            "fqdn": "www.kathnmike.us",
                            "id": "31108103",
                            "name": "www",
                            "port": "0",
                            "priority": "0",
                            "type": "CNAME",
                            "value": "kathnmike.us.",
                            "weight": "0"
                        },
                        "meta": {},
                        "tainted": false
                    },
                    "deposed": [],
                    "provider": ""
                },
                "digitalocean_record.mn-mx-1": {
                    "type": "digitalocean_record",
                    "depends_on": [
                        "digitalocean_domain.morgantown-ninja"
                    ],
                    "primary": {
                        "id": "31107265",
                        "attributes": {
                            "domain": "morgantown.ninja",
                            "fqdn": "@.morgantown.ninja",
                            "id": "31107265",
                            "name": "@",
                            "port": "0",
                            "priority": "10",
                            "type": "MX",
                            "value": "mx.zoho.com.",
                            "weight": "0"
                        },
                        "meta": {},
                        "tainted": false
                    },
                    "deposed": [],
                    "provider": ""
                },
                "digitalocean_record.mn-mx-2": {
                    "type": "digitalocean_record",
                    "depends_on": [
                        "digitalocean_domain.morgantown-ninja"
                    ],
                    "primary": {
                        "id": "31107266",
                        "attributes": {
                            "domain": "morgantown.ninja",
                            "fqdn": "@.morgantown.ninja",
                            "id": "31107266",
                            "name": "@",
                            "port": "0",
                            "priority": "20",
                            "type": "MX",
                            "value": "mx2.zoho.com.",
                            "weight": "0"
                        },
                        "meta": {},
                        "tainted": false
                    },
                    "deposed": [],
                    "provider": ""
                },
                "digitalocean_record.mn-txt-dkim": {
                    "type": "digitalocean_record",
                    "depends_on": [
                        "digitalocean_domain.morgantown-ninja"
                    ],
                    "primary": {
                        "id": "31107682",
                        "attributes": {
                            "domain": "morgantown.ninja",
                            "fqdn": "default._domainkey.morgantown.ninja",
                            "id": "31107682",
                            "name": "default._domainkey",
                            "port": "0",
                            "priority": "0",
                            "type": "TXT",
                            "value": "v=DKIM1; k=rsa; p=MIGfMA0GCSqGSIb3DQEBAQUAA4GNADCBiQKBgQCLoMjPHZMuXaxiW250MpOSobNHaWVBCOz7Eg/5hgl+wIdPWsm6tvXhWU2gYjb7V5r+ELtfAb0SiIeGewh5mTx2R2CjUMC4lyRyekTJ0oSopZwQ0qSA2AZJXzUFAJcwGLUM1ld3jOBks+BwMc1De5+EdvTHE6J4KYAhM0ki0kEW3QIDAQAB",
                            "weight": "0"
                        },
                        "meta": {},
                        "tainted": false
                    },
                    "deposed": [],
                    "provider": ""
                },
                "digitalocean_record.mn-txt-spf": {
                    "type": "digitalocean_record",
                    "depends_on": [
                        "digitalocean_domain.morgantown-ninja"
                    ],
                    "primary": {
                        "id": "31107681",
                        "attributes": {
                            "domain": "morgantown.ninja",
                            "fqdn": "@.morgantown.ninja",
                            "id": "31107681",
                            "name": "@",
                            "port": "0",
                            "priority": "0",
                            "type": "TXT",
                            "value": "v=spf1 include:zoho.com ~all",
                            "weight": "0"
                        },
                        "meta": {},
                        "tainted": false
                    },
                    "deposed": [],
                    "provider": ""
                },
                "digitalocean_record.mn-www": {
                    "type": "digitalocean_record",
                    "depends_on": [
                        "digitalocean_domain.morgantown-ninja"
                    ],
                    "primary": {
                        "id": "31108102",
                        "attributes": {
                            "domain": "morgantown.ninja",
                            "fqdn": "www.morgantown.ninja",
                            "id": "31108102",
                            "name": "www",
                            "port": "0",
                            "priority": "0",
                            "type": "CNAME",
                            "value": "morgantown.ninja.",
                            "weight": "0"
                        },
                        "meta": {},
                        "tainted": false
                    },
                    "deposed": [],
                    "provider": ""
                },
                "digitalocean_record.mn-zoho-verify": {
                    "type": "digitalocean_record",
                    "depends_on": [
                        "digitalocean_domain.morgantown-ninja"
                    ],
                    "primary": {
                        "id": "31106577",
                        "attributes": {
                            "domain": "morgantown.ninja",
                            "fqdn": "zb15115206.morgantown.ninja",
                            "id": "31106577",
                            "name": "zb15115206",
                            "port": "0",
                            "priority": "0",
                            "type": "CNAME",
                            "value": "zmverify.zoho.com.",
                            "weight": "0"
                        },
                        "meta": {},
                        "tainted": false
                    },
                    "deposed": [],
                    "provider": ""
                },
                "digitalocean_record.tfo-webmail": {
                    "type": "digitalocean_record",
                    "depends_on": [
                        "digitalocean_domain.the-forgotten-org",
                        "digitalocean_floating_ip.ip-tfo-01"
                    ],
                    "primary": {
                        "id": "25144588",
                        "attributes": {
                            "domain": "the-forgotten.org",
                            "fqdn": "webmail.the-forgotten.org",
                            "id": "25144588",
                            "name": "webmail",
                            "port": "0",
                            "priority": "0",
                            "type": "A",
                            "value": "159.203.156.150",
                            "weight": "0"
                        },
                        "meta": {},
                        "tainted": false
                    },
                    "deposed": [],
                    "provider": ""
                },
                "digitalocean_record.tfo-www": {
                    "type": "digitalocean_record",
                    "depends_on": [
                        "digitalocean_domain.the-forgotten-org"
                    ],
                    "primary": {
                        "id": "31108104",
                        "attributes": {
                            "domain": "the-forgotten.org",
                            "fqdn": "www.the-forgotten.org",
                            "id": "31108104",
                            "name": "www",
                            "port": "0",
                            "priority": "0",
                            "type": "CNAME",
                            "value": "the-forgotten.org.",
                            "weight": "0"
                        },
                        "meta": {},
                        "tainted": false
                    },
                    "deposed": [],
                    "provider": ""
                },
                "digitalocean_ssh_key.default": {
                    "type": "digitalocean_ssh_key",
                    "depends_on": [],
                    "primary": {
                        "id": "9734623",
                        "attributes": {
                            "fingerprint": "30:d5:68:0b:fa:d2:67:25:3c:c7:32:6b:04:c5:4b:2d",
                            "id": "9734623",
                            "name": "ssh key",
                            "public_key": "ssh-rsa AAAAB3NzaC1yc2EAAAADAQABAAAEAQDPj5lq6yxhC37jP2LLW0Q/Fr8h1QXe0KVhKGV3dG/TtkxFZ83EbonjPXPTxQ0wUt6v26OarSLPKh/r0KOaPEHIKAlU5Q2fmZ70K5g1Ln604mQgKKQYd6k5kHimIq7klhW6ShcyruwcvCOFxIvosVKUMxm08B1SVe5WFgWOVPGVFgfcVJM1aUxybIwUqBBiEj6QVuMpLo0Igmk7M6AVntxo8UvvFqqRK/gs7pDssKYQuWdACgPlGxtaoeF5D4suTct8dBxazI/lB6elIx86Owyp+cienJUGmHKIIY33pWAtP/9Hmfwm6ahURZASq+8A0IcZKPmr7qVpQJMxpJdNrfjNA/Dkwq39phpqqiQBGXm++/8H5iia7fzNK41OLNPcfM4OFG7hee1zDg/XVaSJv2BTDjpVIyMS3lmgVJH1KIH1xUIO0sh8mtWmce+Z8DnDMSvDPJjygSHQHyfneskOFukoRhWJpkH3DH8grz1ckBgte5Wj0qrk0QlbIGqFTww34sm6WIjppKG7b/UJAcbAghGQjiSx7f2NpiOe4gNCtmf2Clon5kDeAwM5lr8z0nBpocn2wtnHif3p6xliU7veFvu00Obs40mzl3ZdUKWJCTzp1cOJpoKCsVJx4obu46IUTVg1IJAURDFoZDgIKWq10YIOOAgVNJngcD9dBY97bJZWvNyBqYziY/DcTtVH/DeIXOf3SxXG+wWxylCwRbb/aTy/GxMMTnz2pjXRhL0n7zd2gtTqSpoH/Sk/pA//KZX2ldhpFSlpBvxuNpp2rQW6SW5TCCFf9nRoXObbBOBwbVAy0UGa98cQAxW3MO8jXYgcAUfrj0uDV7cZVcBE/pcSXBJAQfEJMmR3C/22nQFr1n2QGTIRCmszhPBpHQVBE3AjOdxyRfMQovYjpd2eknaCoRs+GvmJfAlouYmDj1Gujqud0Qi61SpiSgMf32QB/ZcLElBcNEodxUpWGHn/xcIWKR5+RLoxFwwokFMeB7TXpDr+zTVr3MqD4nMS61/PYQUPES2XZaqdJGL5Yyk1DqW2kCuTXq+mbA7ThDM1vhiWHDbORjMobEI5xulPbhZDHjztMFXcZSZb2QkjQnaenlmp/oD8pCr7r8o+6kAy5fpwQCIjzicsAnSiyP+R4rp3nToUWM1oJpvS0SZMPczkNj7oPrpEO+Z3cDzlqtvwMNjr7yNYvMG3YJANNmNy7MB0ezqVmlrDcXvbQnrc1TkHTRllMr3FzEJGal+VXwyVRPa0fBrnkzVkTakFJcoNZaHusIKqUKerqlX263If2+6W8a0tO0Na9CxZEA3MhC1SM4E6g30EoBjiWY6aG2S1TbjeZoIGzBWiKwDqY7c78O4JvQvjA8Av mrbond@mrbond-yoga.localdomain"
                        },
                        "meta": {},
                        "tainted": false
                    },
                    "deposed": [],
                    "provider": ""
                },
                "digitalocean_volume.volume-tfo-01": {
                    "type": "digitalocean_volume",
                    "depends_on": [],
                    "primary": {
                        "id": "5170d076-4b7d-11e7-a457-0242ac110305",
                        "attributes": {
                            "description": "Storage for The-Forgotten-01",
                            "droplet_ids.#": "1",
                            "droplet_ids.3265922634": "51049926",
                            "id": "5170d076-4b7d-11e7-a457-0242ac110305",
                            "name": "tfo-volume-01",
                            "region": "nyc1",
                            "size": "10"
                        },
                        "meta": {},
                        "tainted": false
                    },
                    "deposed": [],
                    "provider": ""
                }
            },
            "depends_on": []
        }
    ]
}
