{
  "version": 4,
  "terraform_version": "0.13.5",
  "serial": 35,
  "lineage": "1f386c11-4094-4d4d-92cb-01238f0e2169",
  "outputs": {},
  "resources": [
    {
      "mode": "managed",
      "type": "digitalocean_domain",
      "name": "byp",
      "provider": "provider[\"registry.terraform.io/-/digitalocean\"]",
      "instances": [
        {
          "schema_version": 0,
          "attributes_flat": {
            "id": "baiyingpai.com",
            "ip_address": "159.203.156.150",
            "name": "baiyingpai.com"
          }
        }
      ]
    },
    {
      "mode": "managed",
      "type": "digitalocean_domain",
      "name": "esb",
      "provider": "provider[\"registry.terraform.io/-/digitalocean\"]",
      "instances": [
        {
          "schema_version": 0,
          "attributes_flat": {
            "id": "emmasbond.me",
            "ip_address": "159.203.156.150",
            "name": "emmasbond.me"
          }
        }
      ]
    },
    {
      "mode": "managed",
      "type": "digitalocean_domain",
      "name": "ff-com",
      "provider": "provider[\"registry.terraform.io/-/digitalocean\"]",
      "instances": [
        {
          "schema_version": 0,
          "attributes_flat": {
            "id": "fairmontflyers.com",
            "ip_address": "159.203.156.150",
            "name": "fairmontflyers.com"
          }
        }
      ]
    },
    {
      "mode": "managed",
      "type": "digitalocean_domain",
      "name": "ff-forums",
      "provider": "provider[\"registry.terraform.io/-/digitalocean\"]",
      "instances": [
        {
          "schema_version": 0,
          "attributes_flat": {
            "id": "forums.fairmontflyers.com",
            "ip_address": "159.203.156.150",
            "name": "forums.fairmontflyers.com"
          }
        }
      ]
    },
    {
      "mode": "managed",
      "type": "digitalocean_domain",
      "name": "ff-org",
      "provider": "provider[\"registry.terraform.io/-/digitalocean\"]",
      "instances": [
        {
          "schema_version": 0,
          "attributes_flat": {
            "id": "fairmontflyers.org",
            "ip_address": "159.203.156.150",
            "name": "fairmontflyers.org"
          }
        }
      ]
    },
    {
      "mode": "managed",
      "type": "digitalocean_domain",
      "name": "knm-us",
      "provider": "provider[\"registry.terraform.io/-/digitalocean\"]",
      "instances": [
        {
          "schema_version": 0,
          "attributes_flat": {
            "id": "kathnmike.us",
            "ip_address": "159.203.156.150",
            "name": "kathnmike.us"
          }
        }
      ]
    },
    {
      "mode": "managed",
      "type": "digitalocean_domain",
      "name": "morgantown-ninja",
      "provider": "provider[\"registry.terraform.io/-/digitalocean\"]",
      "instances": [
        {
          "schema_version": 0,
          "attributes_flat": {
            "id": "morgantown.ninja",
            "ip_address": "159.203.156.150",
            "name": "morgantown.ninja"
          }
        }
      ]
    },
    {
      "mode": "managed",
      "type": "digitalocean_domain",
      "name": "the-forgotten-org",
      "provider": "provider[\"registry.terraform.io/-/digitalocean\"]",
      "instances": [
        {
          "schema_version": 0,
          "attributes_flat": {
            "id": "the-forgotten.org",
            "ip_address": "159.203.156.150",
            "name": "the-forgotten.org"
          }
        }
      ]
    },
    {
      "mode": "managed",
      "type": "digitalocean_domain",
      "name": "trumpocalyp-se",
      "provider": "provider[\"registry.terraform.io/-/digitalocean\"]",
      "instances": [
        {
          "schema_version": 0,
          "attributes_flat": {
            "id": "trumpocalyp.se",
            "ip_address": "159.203.156.150",
            "name": "trumpocalyp.se"
          }
        }
      ]
    },
    {
      "mode": "managed",
      "type": "digitalocean_domain",
      "name": "wema",
      "provider": "provider[\"registry.terraform.io/-/digitalocean\"]",
      "instances": [
        {
          "schema_version": 0,
          "attributes_flat": {
            "id": "whiteeaglemartialarts.com",
            "ip_address": "159.203.156.150",
            "name": "whiteeaglemartialarts.com"
          }
        }
      ]
    },
    {
      "mode": "managed",
      "type": "digitalocean_droplet",
      "name": "server-tfo-01",
      "provider": "provider[\"registry.terraform.io/-/digitalocean\"]",
      "instances": [
        {
          "schema_version": 1,
          "attributes_flat": {
            "backups": "true",
            "disk": "30",
            "id": "51049926",
            "image": "25045709",
            "ipv4_address": "198.199.66.121",
            "ipv4_address_private": "",
            "ipv6": "false",
            "ipv6_address": "",
            "ipv6_address_private": "",
            "locked": "false",
            "memory": "1024",
            "monitoring": "false",
            "name": "the-forgotten-01",
            "price_hourly": "0.01488",
            "price_monthly": "10",
            "private_networking": "false",
            "region": "nyc1",
            "resize_disk": "false",
            "size": "1gb",
            "ssh_keys.#": "1",
            "ssh_keys.4091837745": "9734623",
            "status": "active",
            "tags.#": "0",
            "vcpus": "1",
            "volume_ids.#": "1",
            "volume_ids.1216072153": "5170d076-4b7d-11e7-a457-0242ac110305"
          }
        }
      ]
    },
    {
      "mode": "managed",
      "type": "digitalocean_firewall",
      "name": "web",
      "provider": "provider[\"registry.terraform.io/-/digitalocean\"]",
      "instances": [
        {
          "schema_version": 0,
          "attributes_flat": {
            "droplet_ids.#": "1",
            "droplet_ids.3265922634": "51049926",
            "id": "891b36da-a4a4-4967-a86a-12eccfe35e61",
            "inbound_rule.#": "4",
            "inbound_rule.1029929102.port_range": "80",
            "inbound_rule.1029929102.protocol": "tcp",
            "inbound_rule.1029929102.source_addresses.#": "2",
            "inbound_rule.1029929102.source_addresses.217649824": "0.0.0.0/0",
            "inbound_rule.1029929102.source_addresses.4017721845": "::/0",
            "inbound_rule.1029929102.source_droplet_ids.#": "0",
            "inbound_rule.1029929102.source_load_balancer_uids.#": "0",
            "inbound_rule.1029929102.source_tags.#": "0",
            "inbound_rule.1548039851.port_range": "",
            "inbound_rule.1548039851.protocol": "icmp",
            "inbound_rule.1548039851.source_addresses.#": "2",
            "inbound_rule.1548039851.source_addresses.217649824": "0.0.0.0/0",
            "inbound_rule.1548039851.source_addresses.4017721845": "::/0",
            "inbound_rule.1548039851.source_droplet_ids.#": "0",
            "inbound_rule.1548039851.source_load_balancer_uids.#": "0",
            "inbound_rule.1548039851.source_tags.#": "0",
            "inbound_rule.3461600736.port_range": "22",
            "inbound_rule.3461600736.protocol": "tcp",
            "inbound_rule.3461600736.source_addresses.#": "2",
            "inbound_rule.3461600736.source_addresses.217649824": "0.0.0.0/0",
            "inbound_rule.3461600736.source_addresses.4017721845": "::/0",
            "inbound_rule.3461600736.source_droplet_ids.#": "0",
            "inbound_rule.3461600736.source_load_balancer_uids.#": "0",
            "inbound_rule.3461600736.source_tags.#": "0",
            "inbound_rule.824762578.port_range": "443",
            "inbound_rule.824762578.protocol": "tcp",
            "inbound_rule.824762578.source_addresses.#": "2",
            "inbound_rule.824762578.source_addresses.217649824": "0.0.0.0/0",
            "inbound_rule.824762578.source_addresses.4017721845": "::/0",
            "inbound_rule.824762578.source_droplet_ids.#": "0",
            "inbound_rule.824762578.source_load_balancer_uids.#": "0",
            "inbound_rule.824762578.source_tags.#": "0",
            "name": "only-22-80-443",
            "outbound_rule.#": "5",
            "outbound_rule.1173144886.destination_addresses.#": "2",
            "outbound_rule.1173144886.destination_addresses.217649824": "0.0.0.0/0",
            "outbound_rule.1173144886.destination_addresses.4017721845": "::/0",
            "outbound_rule.1173144886.destination_droplet_ids.#": "0",
            "outbound_rule.1173144886.destination_load_balancer_uids.#": "0",
            "outbound_rule.1173144886.destination_tags.#": "0",
            "outbound_rule.1173144886.port_range": "53",
            "outbound_rule.1173144886.protocol": "udp",
            "outbound_rule.1780492381.destination_addresses.#": "2",
            "outbound_rule.1780492381.destination_addresses.217649824": "0.0.0.0/0",
            "outbound_rule.1780492381.destination_addresses.4017721845": "::/0",
            "outbound_rule.1780492381.destination_droplet_ids.#": "0",
            "outbound_rule.1780492381.destination_load_balancer_uids.#": "0",
            "outbound_rule.1780492381.destination_tags.#": "0",
            "outbound_rule.1780492381.port_range": "443",
            "outbound_rule.1780492381.protocol": "tcp",
            "outbound_rule.2174971434.destination_addresses.#": "2",
            "outbound_rule.2174971434.destination_addresses.217649824": "0.0.0.0/0",
            "outbound_rule.2174971434.destination_addresses.4017721845": "::/0",
            "outbound_rule.2174971434.destination_droplet_ids.#": "0",
            "outbound_rule.2174971434.destination_load_balancer_uids.#": "0",
            "outbound_rule.2174971434.destination_tags.#": "0",
            "outbound_rule.2174971434.port_range": "",
            "outbound_rule.2174971434.protocol": "icmp",
            "outbound_rule.3760758006.destination_addresses.#": "2",
            "outbound_rule.3760758006.destination_addresses.217649824": "0.0.0.0/0",
            "outbound_rule.3760758006.destination_addresses.4017721845": "::/0",
            "outbound_rule.3760758006.destination_droplet_ids.#": "0",
            "outbound_rule.3760758006.destination_load_balancer_uids.#": "0",
            "outbound_rule.3760758006.destination_tags.#": "0",
            "outbound_rule.3760758006.port_range": "80",
            "outbound_rule.3760758006.protocol": "tcp",
            "outbound_rule.4162827478.destination_addresses.#": "2",
            "outbound_rule.4162827478.destination_addresses.217649824": "0.0.0.0/0",
            "outbound_rule.4162827478.destination_addresses.4017721845": "::/0",
            "outbound_rule.4162827478.destination_droplet_ids.#": "0",
            "outbound_rule.4162827478.destination_load_balancer_uids.#": "0",
            "outbound_rule.4162827478.destination_tags.#": "0",
            "outbound_rule.4162827478.port_range": "53",
            "outbound_rule.4162827478.protocol": "tcp",
            "pending_changes.#": "1",
            "pending_changes.0.droplet_id": "51049926",
            "pending_changes.0.removing": "false",
            "pending_changes.0.status": "waiting",
            "status": "waiting",
            "tags.#": "0"
          }
        }
      ]
    },
    {
      "mode": "managed",
      "type": "digitalocean_floating_ip",
      "name": "ip-tfo-01",
      "provider": "provider[\"registry.terraform.io/-/digitalocean\"]",
      "instances": [
        {
          "schema_version": 0,
          "attributes_flat": {
            "droplet_id": "51049926",
            "id": "159.203.156.150",
            "ip_address": "159.203.156.150",
            "region": "nyc1"
          }
        }
      ]
    },
    {
      "mode": "managed",
      "type": "digitalocean_record",
      "name": "byp-mail",
      "provider": "provider[\"registry.terraform.io/-/digitalocean\"]",
      "instances": [
        {
          "schema_version": 0,
          "attributes_flat": {
            "domain": "baiyingpai.com",
            "flags": "0",
            "fqdn": "mail.baiyingpai.com",
            "id": "127150581",
            "name": "mail",
            "port": "0",
            "priority": "0",
            "tag": "",
            "ttl": "1800",
            "type": "CNAME",
            "value": "business.zoho.com.",
            "weight": "0"
          }
        }
      ]
    },
    {
      "mode": "managed",
      "type": "digitalocean_record",
      "name": "byp-mx-1",
      "provider": "provider[\"registry.terraform.io/-/digitalocean\"]",
      "instances": [
        {
          "schema_version": 0,
          "attributes_flat": {
            "domain": "baiyingpai.com",
            "flags": "0",
            "fqdn": "@.baiyingpai.com",
            "id": "127150576",
            "name": "@",
            "port": "0",
            "priority": "10",
            "tag": "",
            "ttl": "1800",
            "type": "MX",
            "value": "mx.zoho.com.",
            "weight": "0"
          }
        }
      ]
    },
    {
      "mode": "managed",
      "type": "digitalocean_record",
      "name": "byp-mx-2",
      "provider": "provider[\"registry.terraform.io/-/digitalocean\"]",
      "instances": [
        {
          "schema_version": 0,
          "attributes_flat": {
            "domain": "baiyingpai.com",
            "flags": "0",
            "fqdn": "@.baiyingpai.com",
            "id": "127150578",
            "name": "@",
            "port": "0",
            "priority": "20",
            "tag": "",
            "ttl": "1800",
            "type": "MX",
            "value": "mx2.zoho.com.",
            "weight": "0"
          }
        }
      ]
    },
    {
      "mode": "managed",
      "type": "digitalocean_record",
      "name": "byp-txt-dkim",
      "provider": "provider[\"registry.terraform.io/-/digitalocean\"]",
      "instances": [
        {
          "schema_version": 0,
          "attributes_flat": {
            "domain": "baiyingpai.com",
            "flags": "0",
            "fqdn": "default._domainkey.baiyingpai.com",
            "id": "127150579",
            "name": "default._domainkey",
            "port": "0",
            "priority": "0",
            "tag": "",
            "ttl": "1800",
            "type": "TXT",
            "value": "v=DKIM1; k=rsa; p=MIGfMA0GCSqGSIb3DQEBAQUAA4GNADCBiQKBgQCkd9SMGGSof1/cGYPKARbgsAZaV/1wNLkhRBgndZIGi1cex/PRqigY+umbJXLB+KgQpxpEza06c2+w2FkjjrFbikcVKNQzluKxoYuH8B2VGE0QJzgPuqFfRNUJBOOAwr5lpvKhknrITX+JA06RQhhTFm+baD8T5c/eYGCodmGl8QIDAQAB",
            "weight": "0"
          }
        }
      ]
    },
    {
      "mode": "managed",
      "type": "digitalocean_record",
      "name": "byp-txt-spf",
      "provider": "provider[\"registry.terraform.io/-/digitalocean\"]",
      "instances": [
        {
          "schema_version": 0,
          "attributes_flat": {
            "domain": "baiyingpai.com",
            "flags": "0",
            "fqdn": "@.baiyingpai.com",
            "id": "127150577",
            "name": "@",
            "port": "0",
            "priority": "0",
            "tag": "",
            "ttl": "1800",
            "type": "TXT",
            "value": "v=spf1 include:zoho.com ~all",
            "weight": "0"
          }
        }
      ]
    },
    {
      "mode": "managed",
      "type": "digitalocean_record",
      "name": "byp-www",
      "provider": "provider[\"registry.terraform.io/-/digitalocean\"]",
      "instances": [
        {
          "schema_version": 0,
          "attributes_flat": {
            "domain": "baiyingpai.com",
            "flags": "0",
            "fqdn": "www.baiyingpai.com",
            "id": "127150580",
            "name": "www",
            "port": "0",
            "priority": "0",
            "tag": "",
            "ttl": "1800",
            "type": "CNAME",
            "value": "@",
            "weight": "0"
          }
        }
      ]
    },
    {
      "mode": "managed",
      "type": "digitalocean_record",
      "name": "byp-zoho-verify",
      "provider": "provider[\"registry.terraform.io/-/digitalocean\"]",
      "instances": [
        {
          "schema_version": 0,
          "attributes_flat": {
            "domain": "baiyingpai.com",
            "flags": "0",
            "fqdn": "zb15127705.baiyingpai.com",
            "id": "127150575",
            "name": "zb15127705",
            "port": "0",
            "priority": "0",
            "tag": "",
            "ttl": "1800",
            "type": "CNAME",
            "value": "zmverify.zoho.com.",
            "weight": "0"
          }
        }
      ]
    },
    {
      "mode": "managed",
      "type": "digitalocean_record",
      "name": "esb-mail",
      "provider": "provider[\"registry.terraform.io/-/digitalocean\"]",
      "instances": [
        {
          "schema_version": 0,
          "attributes_flat": {
            "domain": "emmasbond.me",
            "flags": "0",
            "fqdn": "mail.emmasbond.me",
            "id": "33945495",
            "name": "mail",
            "port": "0",
            "priority": "0",
            "tag": "",
            "ttl": "1800",
            "type": "CNAME",
            "value": "business.zoho.com.",
            "weight": "0"
          }
        }
      ]
    },
    {
      "mode": "managed",
      "type": "digitalocean_record",
      "name": "esb-mx-1",
      "provider": "provider[\"registry.terraform.io/-/digitalocean\"]",
      "instances": [
        {
          "schema_version": 0,
          "attributes_flat": {
            "domain": "emmasbond.me",
            "flags": "0",
            "fqdn": "@.emmasbond.me",
            "id": "33945500",
            "name": "@",
            "port": "0",
            "priority": "10",
            "tag": "",
            "ttl": "1800",
            "type": "MX",
            "value": "mx.zoho.com.",
            "weight": "0"
          }
        }
      ]
    },
    {
      "mode": "managed",
      "type": "digitalocean_record",
      "name": "esb-mx-2",
      "provider": "provider[\"registry.terraform.io/-/digitalocean\"]",
      "instances": [
        {
          "schema_version": 0,
          "attributes_flat": {
            "domain": "emmasbond.me",
            "flags": "0",
            "fqdn": "@.emmasbond.me",
            "id": "33945496",
            "name": "@",
            "port": "0",
            "priority": "20",
            "tag": "",
            "ttl": "1800",
            "type": "MX",
            "value": "mx2.zoho.com.",
            "weight": "0"
          }
        }
      ]
    },
    {
      "mode": "managed",
      "type": "digitalocean_record",
      "name": "esb-txt-dkim",
      "provider": "provider[\"registry.terraform.io/-/digitalocean\"]",
      "instances": [
        {
          "schema_version": 0,
          "attributes_flat": {
            "domain": "emmasbond.me",
            "flags": "0",
            "fqdn": "default._domainkey.emmasbond.me",
            "id": "33949139",
            "name": "default._domainkey",
            "port": "0",
            "priority": "0",
            "tag": "",
            "ttl": "1800",
            "type": "TXT",
            "value": "v=DKIM1; k=rsa; p=MIGfMA0GCSqGSIb3DQEBAQUAA4GNADCBiQKBgQCuImSJY10ciUV029Yzhfbe698F+SWM4F3CLytjfdwsB1+A9MHcJD8hvrG42I60re9e4WRj/rwZmJGrFkNRRZUP6qQZGUL1aNWwXGfLhwS1JjE49YGpUqyOgImORdZB2nknLB0q/wRdJ2U2WkoIGQWzsXa7oJ5NaUJxu/j1GaPZUwIDAQAB",
            "weight": "0"
          }
        }
      ]
    },
    {
      "mode": "managed",
      "type": "digitalocean_record",
      "name": "esb-txt-spf",
      "provider": "provider[\"registry.terraform.io/-/digitalocean\"]",
      "instances": [
        {
          "schema_version": 0,
          "attributes_flat": {
            "domain": "emmasbond.me",
            "flags": "0",
            "fqdn": "@.emmasbond.me",
            "id": "33945499",
            "name": "@",
            "port": "0",
            "priority": "0",
            "tag": "",
            "ttl": "1800",
            "type": "TXT",
            "value": "v=spf1 include:zoho.com ~all",
            "weight": "0"
          }
        }
      ]
    },
    {
      "mode": "managed",
      "type": "digitalocean_record",
      "name": "esb-www",
      "provider": "provider[\"registry.terraform.io/-/digitalocean\"]",
      "instances": [
        {
          "schema_version": 0,
          "attributes_flat": {
            "domain": "emmasbond.me",
            "flags": "0",
            "fqdn": "www.emmasbond.me",
            "id": "33949142",
            "name": "www",
            "port": "0",
            "priority": "0",
            "tag": "",
            "ttl": "1800",
            "type": "CNAME",
            "value": "@",
            "weight": "0"
          }
        }
      ]
    },
    {
      "mode": "managed",
      "type": "digitalocean_record",
      "name": "esb-zoho-verify",
      "provider": "provider[\"registry.terraform.io/-/digitalocean\"]",
      "instances": [
        {
          "schema_version": 0,
          "attributes_flat": {
            "domain": "emmasbond.me",
            "flags": "0",
            "fqdn": "zb15170623.emmasbond.me",
            "id": "33945497",
            "name": "zb15170623",
            "port": "0",
            "priority": "0",
            "tag": "",
            "ttl": "1800",
            "type": "CNAME",
            "value": "zmverify.zoho.com.",
            "weight": "0"
          }
        }
      ]
    },
    {
      "mode": "managed",
      "type": "digitalocean_record",
      "name": "ff-forums",
      "provider": "provider[\"registry.terraform.io/-/digitalocean\"]",
      "instances": [
        {
          "schema_version": 0,
          "attributes_flat": {
            "domain": "fairmontflyers.org",
            "flags": "0",
            "fqdn": "forums.fairmontflyers.org",
            "id": "33949144",
            "name": "forums",
            "port": "0",
            "priority": "0",
            "tag": "",
            "ttl": "1800",
            "type": "CNAME",
            "value": "@",
            "weight": "0"
          }
        }
      ]
    },
    {
      "mode": "managed",
      "type": "digitalocean_record",
      "name": "ff-mail",
      "provider": "provider[\"registry.terraform.io/-/digitalocean\"]",
      "instances": [
        {
          "schema_version": 0,
          "attributes_flat": {
            "domain": "fairmontflyers.org",
            "flags": "0",
            "fqdn": "mail.fairmontflyers.org",
            "id": "31684333",
            "name": "mail",
            "port": "0",
            "priority": "0",
            "tag": "",
            "ttl": "1800",
            "type": "CNAME",
            "value": "business.zoho.com.",
            "weight": "0"
          }
        }
      ]
    },
    {
      "mode": "managed",
      "type": "digitalocean_record",
      "name": "ff-mx-1",
      "provider": "provider[\"registry.terraform.io/-/digitalocean\"]",
      "instances": [
        {
          "schema_version": 0,
          "attributes_flat": {
            "domain": "fairmontflyers.org",
            "flags": "0",
            "fqdn": "@.fairmontflyers.org",
            "id": "31684331",
            "name": "@",
            "port": "0",
            "priority": "10",
            "tag": "",
            "ttl": "1800",
            "type": "MX",
            "value": "mx.zoho.com.",
            "weight": "0"
          }
        }
      ]
    },
    {
      "mode": "managed",
      "type": "digitalocean_record",
      "name": "ff-mx-2",
      "provider": "provider[\"registry.terraform.io/-/digitalocean\"]",
      "instances": [
        {
          "schema_version": 0,
          "attributes_flat": {
            "domain": "fairmontflyers.org",
            "flags": "0",
            "fqdn": "@.fairmontflyers.org",
            "id": "31684332",
            "name": "@",
            "port": "0",
            "priority": "20",
            "tag": "",
            "ttl": "1800",
            "type": "MX",
            "value": "mx2.zoho.com.",
            "weight": "0"
          }
        }
      ]
    },
    {
      "mode": "managed",
      "type": "digitalocean_record",
      "name": "ff-txt-dkim",
      "provider": "provider[\"registry.terraform.io/-/digitalocean\"]",
      "instances": [
        {
          "schema_version": 0,
          "attributes_flat": {
            "domain": "fairmontflyers.org",
            "flags": "0",
            "fqdn": "default._domainkey.fairmontflyers.org",
            "id": "31684443",
            "name": "default._domainkey",
            "port": "0",
            "priority": "0",
            "tag": "",
            "ttl": "1800",
            "type": "TXT",
            "value": "v=DKIM1; k=rsa; p=MIGfMA0GCSqGSIb3DQEBAQUAA4GNADCBiQKBgQCkhugFc1Aq7Ib7lZUONlgeFGBSxNInogwqyQgbp7MDkiEyWntxFKhdWWNWwN0JiLWwamISDFJCM9DLINqE7yyuODTTfGWvVr1hrsk8eypA2q/aSazs3GnKmDOjQh3Yt5Ax1MBRR5AbtS0541Yfrj6nmcLFnEk+6VviirjZ0Fv0yQIDAQAB",
            "weight": "0"
          }
        }
      ]
    },
    {
      "mode": "managed",
      "type": "digitalocean_record",
      "name": "ff-txt-spf",
      "provider": "provider[\"registry.terraform.io/-/digitalocean\"]",
      "instances": [
        {
          "schema_version": 0,
          "attributes_flat": {
            "domain": "fairmontflyers.org",
            "flags": "0",
            "fqdn": "@.fairmontflyers.org",
            "id": "31684340",
            "name": "@",
            "port": "0",
            "priority": "0",
            "tag": "",
            "ttl": "1800",
            "type": "TXT",
            "value": "v=spf1 include:zoho.com ~all",
            "weight": "0"
          }
        }
      ]
    },
    {
      "mode": "managed",
      "type": "digitalocean_record",
      "name": "ff-www",
      "provider": "provider[\"registry.terraform.io/-/digitalocean\"]",
      "instances": [
        {
          "schema_version": 0,
          "attributes_flat": {
            "domain": "fairmontflyers.org",
            "flags": "0",
            "fqdn": "www.fairmontflyers.org",
            "id": "33949146",
            "name": "www",
            "port": "0",
            "priority": "0",
            "tag": "",
            "ttl": "1800",
            "type": "CNAME",
            "value": "@",
            "weight": "0"
          }
        }
      ]
    },
    {
      "mode": "managed",
      "type": "digitalocean_record",
      "name": "ff-zoho-verify",
      "provider": "provider[\"registry.terraform.io/-/digitalocean\"]",
      "instances": [
        {
          "schema_version": 0,
          "attributes_flat": {
            "domain": "fairmontflyers.org",
            "flags": "0",
            "fqdn": "zb15129143.fairmontflyers.org",
            "id": "31684363",
            "name": "zb15129143",
            "port": "0",
            "priority": "0",
            "tag": "",
            "ttl": "1800",
            "type": "CNAME",
            "value": "zmverify.zoho.com.",
            "weight": "0"
          }
        }
      ]
    },
    {
      "mode": "managed",
      "type": "digitalocean_record",
      "name": "knm-mail",
      "provider": "provider[\"registry.terraform.io/-/digitalocean\"]",
      "instances": [
        {
          "schema_version": 0,
          "attributes_flat": {
            "domain": "kathnmike.us",
            "flags": "0",
            "fqdn": "mail.kathnmike.us",
            "id": "31641790",
            "name": "mail",
            "port": "0",
            "priority": "0",
            "tag": "",
            "ttl": "1800",
            "type": "CNAME",
            "value": "business.zoho.com.",
            "weight": "0"
          }
        }
      ]
    },
    {
      "mode": "managed",
      "type": "digitalocean_record",
      "name": "knm-mx-1",
      "provider": "provider[\"registry.terraform.io/-/digitalocean\"]",
      "instances": [
        {
          "schema_version": 0,
          "attributes_flat": {
            "domain": "kathnmike.us",
            "flags": "0",
            "fqdn": "@.kathnmike.us",
            "id": "31641791",
            "name": "@",
            "port": "0",
            "priority": "10",
            "tag": "",
            "ttl": "1800",
            "type": "MX",
            "value": "mx.zoho.com.",
            "weight": "0"
          }
        }
      ]
    },
    {
      "mode": "managed",
      "type": "digitalocean_record",
      "name": "knm-mx-2",
      "provider": "provider[\"registry.terraform.io/-/digitalocean\"]",
      "instances": [
        {
          "schema_version": 0,
          "attributes_flat": {
            "domain": "kathnmike.us",
            "flags": "0",
            "fqdn": "@.kathnmike.us",
            "id": "31641792",
            "name": "@",
            "port": "0",
            "priority": "20",
            "tag": "",
            "ttl": "1800",
            "type": "MX",
            "value": "mx2.zoho.com.",
            "weight": "0"
          }
        }
      ]
    },
    {
      "mode": "managed",
      "type": "digitalocean_record",
      "name": "knm-readwords",
      "provider": "provider[\"registry.terraform.io/-/digitalocean\"]",
      "instances": [
        {
          "schema_version": 0,
          "attributes_flat": {
            "domain": "kathnmike.us",
            "flags": "0",
            "fqdn": "readwords.kathnmike.us",
            "id": "31641794",
            "name": "readwords",
            "port": "0",
            "priority": "0",
            "tag": "",
            "ttl": "1800",
            "type": "A",
            "value": "159.203.156.150",
            "weight": "0"
          }
        }
      ]
    },
    {
      "mode": "managed",
      "type": "digitalocean_record",
      "name": "knm-txt-dkim",
      "provider": "provider[\"registry.terraform.io/-/digitalocean\"]",
      "instances": [
        {
          "schema_version": 0,
          "attributes_flat": {
            "domain": "kathnmike.us",
            "flags": "0",
            "fqdn": "default._domainkey.kathnmike.us",
            "id": "31641875",
            "name": "default._domainkey",
            "port": "0",
            "priority": "0",
            "tag": "",
            "ttl": "1800",
            "type": "TXT",
            "value": "v=DKIM1; k=rsa; p=MIGfMA0GCSqGSIb3DQEBAQUAA4GNADCBiQKBgQCZcsasfx+4BqR5OopqdfNrTSMx/lIXXhzzhsqaTIb/lIwLTZso+XViFyZO+ClQ3Rd1Y2s3BQYl38saasp88TL+g9grHGiy88wiRNDdkhWjD1xmZBB1O6xAE6HboL+ZsXripYk3MPIRULK1dmPpNWCvTmcaC4d/MrejDr6XFqqq4wIDAQAB",
            "weight": "0"
          }
        }
      ]
    },
    {
      "mode": "managed",
      "type": "digitalocean_record",
      "name": "knm-txt-spf",
      "provider": "provider[\"registry.terraform.io/-/digitalocean\"]",
      "instances": [
        {
          "schema_version": 0,
          "attributes_flat": {
            "domain": "kathnmike.us",
            "flags": "0",
            "fqdn": "@.kathnmike.us",
            "id": "31641793",
            "name": "@",
            "port": "0",
            "priority": "0",
            "tag": "",
            "ttl": "1800",
            "type": "TXT",
            "value": "v=spf1 include:zoho.com ~all",
            "weight": "0"
          }
        }
      ]
    },
    {
      "mode": "managed",
      "type": "digitalocean_record",
      "name": "knm-www",
      "provider": "provider[\"registry.terraform.io/-/digitalocean\"]",
      "instances": [
        {
          "schema_version": 0,
          "attributes_flat": {
            "domain": "kathnmike.us",
            "flags": "0",
            "fqdn": "www.kathnmike.us",
            "id": "33949143",
            "name": "www",
            "port": "0",
            "priority": "0",
            "tag": "",
            "ttl": "1800",
            "type": "CNAME",
            "value": "@",
            "weight": "0"
          }
        }
      ]
    },
    {
      "mode": "managed",
      "type": "digitalocean_record",
      "name": "knm-zoho-verify",
      "provider": "provider[\"registry.terraform.io/-/digitalocean\"]",
      "instances": [
        {
          "schema_version": 0,
          "attributes_flat": {
            "domain": "kathnmike.us",
            "flags": "0",
            "fqdn": "zb15128406.kathnmike.us",
            "id": "31641798",
            "name": "zb15128406",
            "port": "0",
            "priority": "0",
            "tag": "",
            "ttl": "1800",
            "type": "CNAME",
            "value": "zmverify.zoho.com.",
            "weight": "0"
          }
        }
      ]
    },
    {
      "mode": "managed",
      "type": "digitalocean_record",
      "name": "mn-mail",
      "provider": "provider[\"registry.terraform.io/-/digitalocean\"]",
      "instances": [
        {
          "schema_version": 0,
          "attributes_flat": {
            "domain": "morgantown.ninja",
            "flags": "0",
            "fqdn": "mail.morgantown.ninja",
            "id": "31146724",
            "name": "mail",
            "port": "0",
            "priority": "0",
            "tag": "",
            "ttl": "1800",
            "type": "CNAME",
            "value": "business.zoho.com.",
            "weight": "0"
          }
        }
      ]
    },
    {
      "mode": "managed",
      "type": "digitalocean_record",
      "name": "mn-mx-1",
      "provider": "provider[\"registry.terraform.io/-/digitalocean\"]",
      "instances": [
        {
          "schema_version": 0,
          "attributes_flat": {
            "domain": "morgantown.ninja",
            "flags": "0",
            "fqdn": "@.morgantown.ninja",
            "id": "31107265",
            "name": "@",
            "port": "0",
            "priority": "10",
            "tag": "",
            "ttl": "1800",
            "type": "MX",
            "value": "mx.zoho.com.",
            "weight": "0"
          }
        }
      ]
    },
    {
      "mode": "managed",
      "type": "digitalocean_record",
      "name": "mn-mx-2",
      "provider": "provider[\"registry.terraform.io/-/digitalocean\"]",
      "instances": [
        {
          "schema_version": 0,
          "attributes_flat": {
            "domain": "morgantown.ninja",
            "flags": "0",
            "fqdn": "@.morgantown.ninja",
            "id": "31107266",
            "name": "@",
            "port": "0",
            "priority": "20",
            "tag": "",
            "ttl": "1800",
            "type": "MX",
            "value": "mx2.zoho.com.",
            "weight": "0"
          }
        }
      ]
    },
    {
      "mode": "managed",
      "type": "digitalocean_record",
      "name": "mn-txt-dkim",
      "provider": "provider[\"registry.terraform.io/-/digitalocean\"]",
      "instances": [
        {
          "schema_version": 0,
          "attributes_flat": {
            "domain": "morgantown.ninja",
            "flags": "0",
            "fqdn": "default._domainkey.morgantown.ninja",
            "id": "31107682",
            "name": "default._domainkey",
            "port": "0",
            "priority": "0",
            "tag": "",
            "ttl": "1800",
            "type": "TXT",
            "value": "v=DKIM1; k=rsa; p=MIGfMA0GCSqGSIb3DQEBAQUAA4GNADCBiQKBgQCLoMjPHZMuXaxiW250MpOSobNHaWVBCOz7Eg/5hgl+wIdPWsm6tvXhWU2gYjb7V5r+ELtfAb0SiIeGewh5mTx2R2CjUMC4lyRyekTJ0oSopZwQ0qSA2AZJXzUFAJcwGLUM1ld3jOBks+BwMc1De5+EdvTHE6J4KYAhM0ki0kEW3QIDAQAB",
            "weight": "0"
          }
        }
      ]
    },
    {
      "mode": "managed",
      "type": "digitalocean_record",
      "name": "mn-txt-spf",
      "provider": "provider[\"registry.terraform.io/-/digitalocean\"]",
      "instances": [
        {
          "schema_version": 0,
          "attributes_flat": {
            "domain": "morgantown.ninja",
            "flags": "0",
            "fqdn": "@.morgantown.ninja",
            "id": "31107681",
            "name": "@",
            "port": "0",
            "priority": "0",
            "tag": "",
            "ttl": "1800",
            "type": "TXT",
            "value": "v=spf1 include:zoho.com ~all",
            "weight": "0"
          }
        }
      ]
    },
    {
      "mode": "managed",
      "type": "digitalocean_record",
      "name": "mn-www",
      "provider": "provider[\"registry.terraform.io/-/digitalocean\"]",
      "instances": [
        {
          "schema_version": 0,
          "attributes_flat": {
            "domain": "morgantown.ninja",
            "flags": "0",
            "fqdn": "www.morgantown.ninja",
            "id": "33949148",
            "name": "www",
            "port": "0",
            "priority": "0",
            "tag": "",
            "ttl": "1800",
            "type": "CNAME",
            "value": "@",
            "weight": "0"
          }
        }
      ]
    },
    {
      "mode": "managed",
      "type": "digitalocean_record",
      "name": "mn-zoho-verify",
      "provider": "provider[\"registry.terraform.io/-/digitalocean\"]",
      "instances": [
        {
          "schema_version": 0,
          "attributes_flat": {
            "domain": "morgantown.ninja",
            "flags": "0",
            "fqdn": "zb15115206.morgantown.ninja",
            "id": "31106577",
            "name": "zb15115206",
            "port": "0",
            "priority": "0",
            "tag": "",
            "ttl": "1800",
            "type": "CNAME",
            "value": "zmverify.zoho.com.",
            "weight": "0"
          }
        }
      ]
    },
    {
      "mode": "managed",
      "type": "digitalocean_record",
      "name": "tfo-grapevine",
      "provider": "provider[\"registry.terraform.io/-/digitalocean\"]",
      "instances": [
        {
          "schema_version": 0,
          "attributes_flat": {
            "domain": "the-forgotten.org",
            "flags": "0",
            "fqdn": "grapevine.the-forgotten.org",
            "id": "56921399",
            "name": "grapevine",
            "port": "0",
            "priority": "0",
            "tag": "",
            "ttl": "1800",
            "type": "CNAME",
            "value": "@",
            "weight": "0"
          }
        }
      ]
    },
    {
      "mode": "managed",
      "type": "digitalocean_record",
      "name": "tfo-grapevine-api",
      "provider": "provider[\"registry.terraform.io/-/digitalocean\"]",
      "instances": [
        {
          "schema_version": 0,
          "attributes_flat": {
            "domain": "the-forgotten.org",
            "flags": "0",
            "fqdn": "api.grapevine.the-forgotten.org",
            "id": "128031556",
            "name": "api.grapevine",
            "port": "0",
            "priority": "0",
            "tag": "",
            "ttl": "1800",
            "type": "CNAME",
            "value": "@",
            "weight": "0"
          }
        }
      ]
    },
    {
      "mode": "managed",
      "type": "digitalocean_record",
      "name": "tfo-mail",
      "provider": "provider[\"registry.terraform.io/-/digitalocean\"]",
      "instances": [
        {
          "schema_version": 0,
          "attributes_flat": {
            "domain": "the-forgotten.org",
            "flags": "0",
            "fqdn": "mail.the-forgotten.org",
            "id": "31824615",
            "name": "mail",
            "port": "0",
            "priority": "0",
            "tag": "",
            "ttl": "1800",
            "type": "CNAME",
            "value": "business.zoho.com.",
            "weight": "0"
          }
        }
      ]
    },
    {
      "mode": "managed",
      "type": "digitalocean_record",
      "name": "tfo-mx-1",
      "provider": "provider[\"registry.terraform.io/-/digitalocean\"]",
      "instances": [
        {
          "schema_version": 0,
          "attributes_flat": {
            "domain": "the-forgotten.org",
            "flags": "0",
            "fqdn": "@.the-forgotten.org",
            "id": "31824616",
            "name": "@",
            "port": "0",
            "priority": "10",
            "tag": "",
            "ttl": "1800",
            "type": "MX",
            "value": "mx.zoho.com.",
            "weight": "0"
          }
        }
      ]
    },
    {
      "mode": "managed",
      "type": "digitalocean_record",
      "name": "tfo-mx-2",
      "provider": "provider[\"registry.terraform.io/-/digitalocean\"]",
      "instances": [
        {
          "schema_version": 0,
          "attributes_flat": {
            "domain": "the-forgotten.org",
            "flags": "0",
            "fqdn": "@.the-forgotten.org",
            "id": "31824618",
            "name": "@",
            "port": "0",
            "priority": "20",
            "tag": "",
            "ttl": "1800",
            "type": "MX",
            "value": "mx2.zoho.com.",
            "weight": "0"
          }
        }
      ]
    },
    {
      "mode": "managed",
      "type": "digitalocean_record",
      "name": "tfo-txt-dkim",
      "provider": "provider[\"registry.terraform.io/-/digitalocean\"]",
      "instances": [
        {
          "schema_version": 0,
          "attributes_flat": {
            "domain": "the-forgotten.org",
            "flags": "0",
            "fqdn": "default._domainkey.the-forgotten.org",
            "id": "31824717",
            "name": "default._domainkey",
            "port": "0",
            "priority": "0",
            "tag": "",
            "ttl": "1800",
            "type": "TXT",
            "value": "v=DKIM1; k=rsa; p=MIGfMA0GCSqGSIb3DQEBAQUAA4GNADCBiQKBgQDFtkeis2wvQtguE53VaWD9F4JsLalqyQE6qnWYl2uaXZ/RtVQGaMe1/6D92RjH6A+hO3i5RmHIZEuW4LzO40SMONLV4bgjwGCGPeaJxoRu8whGENoFoNsSEbNCMSBSqhwpFaATHUCqzzU9DMy/S3z+n34yozoC3K7QNTMtiPHVxwIDAQAB",
            "weight": "0"
          }
        }
      ]
    },
    {
      "mode": "managed",
      "type": "digitalocean_record",
      "name": "tfo-txt-spf",
      "provider": "provider[\"registry.terraform.io/-/digitalocean\"]",
      "instances": [
        {
          "schema_version": 0,
          "attributes_flat": {
            "domain": "the-forgotten.org",
            "flags": "0",
            "fqdn": "@.the-forgotten.org",
            "id": "31824617",
            "name": "@",
            "port": "0",
            "priority": "0",
            "tag": "",
            "ttl": "1800",
            "type": "TXT",
            "value": "v=spf1 include:zoho.com ~all",
            "weight": "0"
          }
        }
      ]
    },
    {
      "mode": "managed",
      "type": "digitalocean_record",
      "name": "tfo-www",
      "provider": "provider[\"registry.terraform.io/-/digitalocean\"]",
      "instances": [
        {
          "schema_version": 0,
          "attributes_flat": {
            "domain": "the-forgotten.org",
            "flags": "0",
            "fqdn": "www.the-forgotten.org",
            "id": "33949145",
            "name": "www",
            "port": "0",
            "priority": "0",
            "tag": "",
            "ttl": "1800",
            "type": "CNAME",
            "value": "@",
            "weight": "0"
          }
        }
      ]
    },
    {
      "mode": "managed",
      "type": "digitalocean_record",
      "name": "tfo-zoho-verify",
      "provider": "provider[\"registry.terraform.io/-/digitalocean\"]",
      "instances": [
        {
          "schema_version": 0,
          "attributes_flat": {
            "domain": "the-forgotten.org",
            "flags": "0",
            "fqdn": "zb15131287.the-forgotten.org",
            "id": "31824614",
            "name": "zb15131287",
            "port": "0",
            "priority": "0",
            "tag": "",
            "ttl": "1800",
            "type": "CNAME",
            "value": "zmverify.zoho.com.",
            "weight": "0"
          }
        }
      ]
    },
    {
      "mode": "managed",
      "type": "digitalocean_record",
      "name": "wema-www",
      "provider": "provider[\"registry.terraform.io/-/digitalocean\"]",
      "instances": [
        {
          "schema_version": 0,
          "attributes_flat": {
            "domain": "whiteeaglemartialarts.com",
            "flags": "0",
            "fqdn": "www.whiteeaglemartialarts.com",
            "id": "127996302",
            "name": "www",
            "port": "0",
            "priority": "0",
            "tag": "",
            "ttl": "1800",
            "type": "CNAME",
            "value": "@",
            "weight": "0"
          }
        }
      ]
    },
    {
      "mode": "managed",
      "type": "digitalocean_ssh_key",
      "name": "default",
      "provider": "provider[\"registry.terraform.io/-/digitalocean\"]",
      "instances": [
        {
          "schema_version": 0,
          "attributes_flat": {
            "fingerprint": "30:d5:68:0b:fa:d2:67:25:3c:c7:32:6b:04:c5:4b:2d",
            "id": "9734623",
            "name": "ssh key",
            "public_key": "ssh-rsa AAAAB3NzaC1yc2EAAAADAQABAAAEAQDPj5lq6yxhC37jP2LLW0Q/Fr8h1QXe0KVhKGV3dG/TtkxFZ83EbonjPXPTxQ0wUt6v26OarSLPKh/r0KOaPEHIKAlU5Q2fmZ70K5g1Ln604mQgKKQYd6k5kHimIq7klhW6ShcyruwcvCOFxIvosVKUMxm08B1SVe5WFgWOVPGVFgfcVJM1aUxybIwUqBBiEj6QVuMpLo0Igmk7M6AVntxo8UvvFqqRK/gs7pDssKYQuWdACgPlGxtaoeF5D4suTct8dBxazI/lB6elIx86Owyp+cienJUGmHKIIY33pWAtP/9Hmfwm6ahURZASq+8A0IcZKPmr7qVpQJMxpJdNrfjNA/Dkwq39phpqqiQBGXm++/8H5iia7fzNK41OLNPcfM4OFG7hee1zDg/XVaSJv2BTDjpVIyMS3lmgVJH1KIH1xUIO0sh8mtWmce+Z8DnDMSvDPJjygSHQHyfneskOFukoRhWJpkH3DH8grz1ckBgte5Wj0qrk0QlbIGqFTww34sm6WIjppKG7b/UJAcbAghGQjiSx7f2NpiOe4gNCtmf2Clon5kDeAwM5lr8z0nBpocn2wtnHif3p6xliU7veFvu00Obs40mzl3ZdUKWJCTzp1cOJpoKCsVJx4obu46IUTVg1IJAURDFoZDgIKWq10YIOOAgVNJngcD9dBY97bJZWvNyBqYziY/DcTtVH/DeIXOf3SxXG+wWxylCwRbb/aTy/GxMMTnz2pjXRhL0n7zd2gtTqSpoH/Sk/pA//KZX2ldhpFSlpBvxuNpp2rQW6SW5TCCFf9nRoXObbBOBwbVAy0UGa98cQAxW3MO8jXYgcAUfrj0uDV7cZVcBE/pcSXBJAQfEJMmR3C/22nQFr1n2QGTIRCmszhPBpHQVBE3AjOdxyRfMQovYjpd2eknaCoRs+GvmJfAlouYmDj1Gujqud0Qi61SpiSgMf32QB/ZcLElBcNEodxUpWGHn/xcIWKR5+RLoxFwwokFMeB7TXpDr+zTVr3MqD4nMS61/PYQUPES2XZaqdJGL5Yyk1DqW2kCuTXq+mbA7ThDM1vhiWHDbORjMobEI5xulPbhZDHjztMFXcZSZb2QkjQnaenlmp/oD8pCr7r8o+6kAy5fpwQCIjzicsAnSiyP+R4rp3nToUWM1oJpvS0SZMPczkNj7oPrpEO+Z3cDzlqtvwMNjr7yNYvMG3YJANNmNy7MB0ezqVmlrDcXvbQnrc1TkHTRllMr3FzEJGal+VXwyVRPa0fBrnkzVkTakFJcoNZaHusIKqUKerqlX263If2+6W8a0tO0Na9CxZEA3MhC1SM4E6g30EoBjiWY6aG2S1TbjeZoIGzBWiKwDqY7c78O4JvQvjA8Av mrbond@mrbond-yoga.localdomain"
          }
        }
      ]
    },
    {
      "mode": "managed",
      "type": "digitalocean_volume",
      "name": "volume-tfo-01",
      "provider": "provider[\"registry.terraform.io/-/digitalocean\"]",
      "instances": [
        {
          "schema_version": 0,
          "attributes_flat": {
            "description": "Storage for The-Forgotten-01",
            "droplet_ids.#": "1",
            "droplet_ids.3265922634": "51049926",
            "filesystem_type": "ext4",
            "id": "5170d076-4b7d-11e7-a457-0242ac110305",
            "name": "tfo-volume-01",
            "region": "nyc1",
            "size": "10"
          }
        }
      ]
    }
  ]
}
